{
  "version": "5",
  "specifiers": {
    "npm:@jridgewell/trace-mapping@0.3.31": "0.3.31",
    "npm:assemblyscript@0.28.19": "0.28.19",
    "npm:typescript@5.9.3": "5.9.3"
  },
  "npm": {
    "@jridgewell/resolve-uri@3.1.2": {
      "integrity": "sha512-bRISgCIjP20/tbWSPWMEi54QVPRZExkuD9lJL+UIxUKtwVJA8wW1Trb1jMs1RFXo1CBTNZ/5hpC9QvmKWdopKw=="
    },
    "@jridgewell/sourcemap-codec@1.5.5": {
      "integrity": "sha512-cYQ9310grqxueWbl+WuIUIaiUaDcj7WOq5fVhEljNVgRfOUhY9fy2zTvfoqWsnebh8Sl70VScFbICvJnLKB0Og=="
    },
    "@jridgewell/trace-mapping@0.3.31": {
      "integrity": "sha512-zzNR+SdQSDJzc8joaeP8QQoCQr8NuYx2dIIytl1QeBEZHJ9uW6hebsrYgbz8hJwUQao3TWCMtmfV8Nu1twOLAw==",
      "dependencies": [
        "@jridgewell/resolve-uri",
        "@jridgewell/sourcemap-codec"
      ]
    },
    "assemblyscript@0.28.19": {
      "integrity": "sha512-yOAlAb9EsrI00oUaf6qUTtTcYYeelG2iC3f1LnA45XUeSlMrp2O2FF5Llj4P+Y84ZiIlh/ciEEpOaPwwmOKq8g==",
      "dependencies": [
        "binaryen",
        "long"
      ],
      "bin": true
    },
    "binaryen@130.0.0-nightly.20260609": {
      "integrity": "sha512-Zyl9Tw638x08LDew22YtxdYiUGxn+quzpR3ySIS4Nccv6yAiO5j1Yko9IEPNpj/aBZf71xtD/6hYXsgZ2ye3ew==",
      "bin": true
    },
    "long@5.3.2": {
      "integrity": "sha512-mNAgZ1GmyNhD7AuqnTG3/VQ26o760+ZYBPKjPvugO8+nLbYfX6TVpJPseBvopbdY+qpZ/lKUnmEc1LeZYS3QAA=="
    },
    "typescript@5.9.3": {
      "integrity": "sha512-jl1vZzPDinLr9eUt3J/t7V6FgNEw9QjvBPdysz9KfQDD41fQrC2Y4vKQdiaUpFT4bXlb1RHhLpp8wtm6M5TgSw==",
      "bin": true
    }
  },
  "workspace": {
    "dependencies": [
      "npm:@jridgewell/trace-mapping@0.3.31"
    ]
  }
}
